// !$*UTF8*$!
{
	archiveVersion = 1;
	classes = {
	};
	objectVersion = 46;
	objects = {

/* Begin PBXBuildFile section */
		D6255A901B2EE815004AC403 /* StringsTests.swift in Sources */ = {isa = PBXBuildFile; fileRef = D6255A8F1B2EE815004AC403 /* StringsTests.swift */; };
		D6255A911B2F635D004AC403 /* main.swift in Sources */ = {isa = PBXBuildFile; fileRef = D6595DB71B2CD17800A82B81 /* main.swift */; };
		D6255A991B2F697A004AC403 /* app.swift in Sources */ = {isa = PBXBuildFile; fileRef = D6255A981B2F697A004AC403 /* app.swift */; };
		D6255A9E1B2F6AAB004AC403 /* app.swift in Sources */ = {isa = PBXBuildFile; fileRef = D6255A981B2F697A004AC403 /* app.swift */; };
		D64BF3401B38BFDF00931D2F /* feedback.swift in Sources */ = {isa = PBXBuildFile; fileRef = D64BF33E1B38BFDF00931D2F /* feedback.swift */; };
		D64BF3411B38BFDF00931D2F /* feedback.swift in Sources */ = {isa = PBXBuildFile; fileRef = D64BF33E1B38BFDF00931D2F /* feedback.swift */; };
		D64BF3421B38BFDF00931D2F /* feedbackItem.swift in Sources */ = {isa = PBXBuildFile; fileRef = D64BF33F1B38BFDF00931D2F /* feedbackItem.swift */; };
		D64BF3431B38BFDF00931D2F /* feedbackItem.swift in Sources */ = {isa = PBXBuildFile; fileRef = D64BF33F1B38BFDF00931D2F /* feedbackItem.swift */; };
		D64BF3471B38C00600931D2F /* CoreData.swift in Sources */ = {isa = PBXBuildFile; fileRef = D64BF3441B38C00600931D2F /* CoreData.swift */; };
		D64BF3481B38C00600931D2F /* CoreData.swift in Sources */ = {isa = PBXBuildFile; fileRef = D64BF3441B38C00600931D2F /* CoreData.swift */; };
		D64BF3491B38C00600931D2F /* Keychain.swift in Sources */ = {isa = PBXBuildFile; fileRef = D64BF3451B38C00600931D2F /* Keychain.swift */; };
		D64BF34A1B38C00600931D2F /* Keychain.swift in Sources */ = {isa = PBXBuildFile; fileRef = D64BF3451B38C00600931D2F /* Keychain.swift */; };
		D64BF34B1B38C00600931D2F /* String.swift in Sources */ = {isa = PBXBuildFile; fileRef = D64BF3461B38C00600931D2F /* String.swift */; };
		D64BF34C1B38C00600931D2F /* String.swift in Sources */ = {isa = PBXBuildFile; fileRef = D64BF3461B38C00600931D2F /* String.swift */; };
		D64BF3551B38C02000931D2F /* arguments.swift in Sources */ = {isa = PBXBuildFile; fileRef = D64BF34D1B38C02000931D2F /* arguments.swift */; };
		D64BF3561B38C02000931D2F /* arguments.swift in Sources */ = {isa = PBXBuildFile; fileRef = D64BF34D1B38C02000931D2F /* arguments.swift */; };
		D64BF3571B38C02000931D2F /* ASCIIColor.swift in Sources */ = {isa = PBXBuildFile; fileRef = D64BF34E1B38C02000931D2F /* ASCIIColor.swift */; };
		D64BF3581B38C02000931D2F /* ASCIIColor.swift in Sources */ = {isa = PBXBuildFile; fileRef = D64BF34E1B38C02000931D2F /* ASCIIColor.swift */; };
		D64BF3591B38C02000931D2F /* checkIfUserShouldBePromptedHelp.swift in Sources */ = {isa = PBXBuildFile; fileRef = D64BF34F1B38C02000931D2F /* checkIfUserShouldBePromptedHelp.swift */; };
		D64BF35A1B38C02000931D2F /* checkIfUserShouldBePromptedHelp.swift in Sources */ = {isa = PBXBuildFile; fileRef = D64BF34F1B38C02000931D2F /* checkIfUserShouldBePromptedHelp.swift */; };
		D64BF35B1B38C02000931D2F /* eachProcessArgument.swift in Sources */ = {isa = PBXBuildFile; fileRef = D64BF3501B38C02000931D2F /* eachProcessArgument.swift */; };
		D64BF35C1B38C02000931D2F /* eachProcessArgument.swift in Sources */ = {isa = PBXBuildFile; fileRef = D64BF3501B38C02000931D2F /* eachProcessArgument.swift */; };
		D64BF35D1B38C02000931D2F /* getUserInput.swift in Sources */ = {isa = PBXBuildFile; fileRef = D64BF3511B38C02000931D2F /* getUserInput.swift */; };
		D64BF35E1B38C02000931D2F /* getUserInput.swift in Sources */ = {isa = PBXBuildFile; fileRef = D64BF3511B38C02000931D2F /* getUserInput.swift */; };
		D64BF35F1B38C02000931D2F /* halt.swift in Sources */ = {isa = PBXBuildFile; fileRef = D64BF3521B38C02000931D2F /* halt.swift */; };
		D64BF3601B38C02000931D2F /* halt.swift in Sources */ = {isa = PBXBuildFile; fileRef = D64BF3521B38C02000931D2F /* halt.swift */; };
		D64BF3611B38C02000931D2F /* shell.swift in Sources */ = {isa = PBXBuildFile; fileRef = D64BF3531B38C02000931D2F /* shell.swift */; };
		D64BF3621B38C02000931D2F /* shell.swift in Sources */ = {isa = PBXBuildFile; fileRef = D64BF3531B38C02000931D2F /* shell.swift */; };
		D64BF3631B38C02000931D2F /* shellUtils.swift in Sources */ = {isa = PBXBuildFile; fileRef = D64BF3541B38C02000931D2F /* shellUtils.swift */; };
		D64BF3641B38C02000931D2F /* shellUtils.swift in Sources */ = {isa = PBXBuildFile; fileRef = D64BF3541B38C02000931D2F /* shellUtils.swift */; };
		D64BF3661B38C03200931D2F /* Setting.swift in Sources */ = {isa = PBXBuildFile; fileRef = D64BF3651B38C03200931D2F /* Setting.swift */; };
		D64BF3671B38C03200931D2F /* Setting.swift in Sources */ = {isa = PBXBuildFile; fileRef = D64BF3651B38C03200931D2F /* Setting.swift */; };
		D64BF36B1B38C04600931D2F /* msBuild.swift in Sources */ = {isa = PBXBuildFile; fileRef = D64BF3681B38C04600931D2F /* msBuild.swift */; };
		D64BF36C1B38C04600931D2F /* msBuild.swift in Sources */ = {isa = PBXBuildFile; fileRef = D64BF3681B38C04600931D2F /* msBuild.swift */; };
		D64BF36D1B38C04600931D2F /* msBuildOption.swift in Sources */ = {isa = PBXBuildFile; fileRef = D64BF3691B38C04600931D2F /* msBuildOption.swift */; };
		D64BF36E1B38C04600931D2F /* msBuildOption.swift in Sources */ = {isa = PBXBuildFile; fileRef = D64BF3691B38C04600931D2F /* msBuildOption.swift */; };
		D64BF36F1B38C04600931D2F /* msBuildOptions.swift in Sources */ = {isa = PBXBuildFile; fileRef = D64BF36A1B38C04600931D2F /* msBuildOptions.swift */; };
		D64BF3701B38C04600931D2F /* msBuildOptions.swift in Sources */ = {isa = PBXBuildFile; fileRef = D64BF36A1B38C04600931D2F /* msBuildOptions.swift */; };
		D64BF3731B38C05100931D2F /* vmConfig.swift in Sources */ = {isa = PBXBuildFile; fileRef = D64BF3711B38C05100931D2F /* vmConfig.swift */; };
		D64BF3741B38C05100931D2F /* vmConfig.swift in Sources */ = {isa = PBXBuildFile; fileRef = D64BF3711B38C05100931D2F /* vmConfig.swift */; };
		D64BF3751B38C05100931D2F /* vmWare.swift in Sources */ = {isa = PBXBuildFile; fileRef = D64BF3721B38C05100931D2F /* vmWare.swift */; };
		D64BF3761B38C05100931D2F /* vmWare.swift in Sources */ = {isa = PBXBuildFile; fileRef = D64BF3721B38C05100931D2F /* vmWare.swift */; };
		D64BF37C1B38C58900931D2F /* VMS.xcdatamodeld in Sources */ = {isa = PBXBuildFile; fileRef = D64BF3771B38C58900931D2F /* VMS.xcdatamodeld */; };
		D64BF37D1B38C58900931D2F /* VMS.xcdatamodeld in Sources */ = {isa = PBXBuildFile; fileRef = D64BF3771B38C58900931D2F /* VMS.xcdatamodeld */; };
		D6595DB81B2CD17800A82B81 /* main.swift in Sources */ = {isa = PBXBuildFile; fileRef = D6595DB71B2CD17800A82B81 /* main.swift */; };
/* End PBXBuildFile section */

/* Begin PBXCopyFilesBuildPhase section */
		D6595DB21B2CD17800A82B81 /* CopyFiles */ = {
			isa = PBXCopyFilesBuildPhase;
			buildActionMask = 2147483647;
			dstPath = /usr/share/man/man1/;
			dstSubfolderSpec = 0;
			files = (
			);
			runOnlyForDeploymentPostprocessing = 1;
		};
/* End PBXCopyFilesBuildPhase section */

/* Begin PBXFileReference section */
		D6255A861B2EE77F004AC403 /* vmTests.xctest */ = {isa = PBXFileReference; explicitFileType = wrapper.cfbundle; includeInIndex = 0; path = vmTests.xctest; sourceTree = BUILT_PRODUCTS_DIR; };
		D6255A8F1B2EE815004AC403 /* StringsTests.swift */ = {isa = PBXFileReference; fileEncoding = 4; lastKnownFileType = sourcecode.swift; path = StringsTests.swift; sourceTree = "<group>"; };
		D6255A981B2F697A004AC403 /* app.swift */ = {isa = PBXFileReference; fileEncoding = 4; lastKnownFileType = sourcecode.swift; path = app.swift; sourceTree = "<group>"; };
		D64BF33E1B38BFDF00931D2F /* feedback.swift */ = {isa = PBXFileReference; fileEncoding = 4; lastKnownFileType = sourcecode.swift; name = feedback.swift; path = feedback/feedback.swift; sourceTree = "<group>"; };
		D64BF33F1B38BFDF00931D2F /* feedbackItem.swift */ = {isa = PBXFileReference; fileEncoding = 4; lastKnownFileType = sourcecode.swift; name = feedbackItem.swift; path = feedback/feedbackItem.swift; sourceTree = "<group>"; };
		D64BF3441B38C00600931D2F /* CoreData.swift */ = {isa = PBXFileReference; fileEncoding = 4; lastKnownFileType = sourcecode.swift; name = CoreData.swift; path = utils/CoreData.swift; sourceTree = "<group>"; };
		D64BF3451B38C00600931D2F /* Keychain.swift */ = {isa = PBXFileReference; fileEncoding = 4; lastKnownFileType = sourcecode.swift; name = Keychain.swift; path = utils/Keychain.swift; sourceTree = "<group>"; };
		D64BF3461B38C00600931D2F /* String.swift */ = {isa = PBXFileReference; fileEncoding = 4; lastKnownFileType = sourcecode.swift; name = String.swift; path = utils/String.swift; sourceTree = "<group>"; };
		D64BF34D1B38C02000931D2F /* arguments.swift */ = {isa = PBXFileReference; fileEncoding = 4; lastKnownFileType = sourcecode.swift; name = arguments.swift; path = utils/shell/arguments.swift; sourceTree = "<group>"; };
		D64BF34E1B38C02000931D2F /* ASCIIColor.swift */ = {isa = PBXFileReference; fileEncoding = 4; lastKnownFileType = sourcecode.swift; name = ASCIIColor.swift; path = utils/shell/ASCIIColor.swift; sourceTree = "<group>"; };
		D64BF34F1B38C02000931D2F /* checkIfUserShouldBePromptedHelp.swift */ = {isa = PBXFileReference; fileEncoding = 4; lastKnownFileType = sourcecode.swift; name = checkIfUserShouldBePromptedHelp.swift; path = utils/shell/checkIfUserShouldBePromptedHelp.swift; sourceTree = "<group>"; };
		D64BF3501B38C02000931D2F /* eachProcessArgument.swift */ = {isa = PBXFileReference; fileEncoding = 4; lastKnownFileType = sourcecode.swift; name = eachProcessArgument.swift; path = utils/shell/eachProcessArgument.swift; sourceTree = "<group>"; };
		D64BF3511B38C02000931D2F /* getUserInput.swift */ = {isa = PBXFileReference; fileEncoding = 4; lastKnownFileType = sourcecode.swift; name = getUserInput.swift; path = utils/shell/getUserInput.swift; sourceTree = "<group>"; };
		D64BF3521B38C02000931D2F /* halt.swift */ = {isa = PBXFileReference; fileEncoding = 4; lastKnownFileType = sourcecode.swift; name = halt.swift; path = utils/shell/halt.swift; sourceTree = "<group>"; };
		D64BF3531B38C02000931D2F /* shell.swift */ = {isa = PBXFileReference; fileEncoding = 4; lastKnownFileType = sourcecode.swift; name = shell.swift; path = utils/shell/shell.swift; sourceTree = "<group>"; };
		D64BF3541B38C02000931D2F /* shellUtils.swift */ = {isa = PBXFileReference; fileEncoding = 4; lastKnownFileType = sourcecode.swift; name = shellUtils.swift; path = utils/shell/shellUtils.swift; sourceTree = "<group>"; };
		D64BF3651B38C03200931D2F /* Setting.swift */ = {isa = PBXFileReference; fileEncoding = 4; lastKnownFileType = sourcecode.swift; name = Setting.swift; path = Models/Setting.swift; sourceTree = "<group>"; };
		D64BF3681B38C04600931D2F /* msBuild.swift */ = {isa = PBXFileReference; fileEncoding = 4; lastKnownFileType = sourcecode.swift; name = msBuild.swift; path = msBuild/msBuild.swift; sourceTree = "<group>"; };
		D64BF3691B38C04600931D2F /* msBuildOption.swift */ = {isa = PBXFileReference; fileEncoding = 4; lastKnownFileType = sourcecode.swift; name = msBuildOption.swift; path = msBuild/msBuildOption.swift; sourceTree = "<group>"; };
		D64BF36A1B38C04600931D2F /* msBuildOptions.swift */ = {isa = PBXFileReference; fileEncoding = 4; lastKnownFileType = sourcecode.swift; name = msBuildOptions.swift; path = msBuild/msBuildOptions.swift; sourceTree = "<group>"; };
		D64BF3711B38C05100931D2F /* vmConfig.swift */ = {isa = PBXFileReference; fileEncoding = 4; lastKnownFileType = sourcecode.swift; name = vmConfig.swift; path = vmWare/vmConfig.swift; sourceTree = "<group>"; };
		D64BF3721B38C05100931D2F /* vmWare.swift */ = {isa = PBXFileReference; fileEncoding = 4; lastKnownFileType = sourcecode.swift; name = vmWare.swift; path = vmWare/vmWare.swift; sourceTree = "<group>"; };
		D64BF3781B38C58900931D2F /* VMS 0.1.xcdatamodel */ = {isa = PBXFileReference; lastKnownFileType = wrapper.xcdatamodel; path = "VMS 0.1.xcdatamodel"; sourceTree = "<group>"; };
		D64BF3791B38C58900931D2F /* VMS 0.2.xcdatamodel */ = {isa = PBXFileReference; lastKnownFileType = wrapper.xcdatamodel; path = "VMS 0.2.xcdatamodel"; sourceTree = "<group>"; };
		D64BF37A1B38C58900931D2F /* VMS 0.3.xcdatamodel */ = {isa = PBXFileReference; lastKnownFileType = wrapper.xcdatamodel; path = "VMS 0.3.xcdatamodel"; sourceTree = "<group>"; };
		D64BF37B1B38C58900931D2F /* VMS.xcdatamodel */ = {isa = PBXFileReference; lastKnownFileType = wrapper.xcdatamodel; path = VMS.xcdatamodel; sourceTree = "<group>"; };
		D6595DB41B2CD17800A82B81 /* vm */ = {isa = PBXFileReference; explicitFileType = "compiled.mach-o.executable"; includeInIndex = 0; path = vm; sourceTree = BUILT_PRODUCTS_DIR; };
		D6595DB71B2CD17800A82B81 /* main.swift */ = {isa = PBXFileReference; lastKnownFileType = sourcecode.swift; path = main.swift; sourceTree = "<group>"; };
		D6595DC61B2DB2AD00A82B81 /* README.md */ = {isa = PBXFileReference; fileEncoding = 4; lastKnownFileType = net.daringfireball.markdown; path = README.md; sourceTree = "<group>"; };
/* End PBXFileReference section */

/* Begin PBXFrameworksBuildPhase section */
		D6255A831B2EE77F004AC403 /* Frameworks */ = {
			isa = PBXFrameworksBuildPhase;
			buildActionMask = 2147483647;
			files = (
			);
			runOnlyForDeploymentPostprocessing = 0;
		};
		D6595DB11B2CD17800A82B81 /* Frameworks */ = {
			isa = PBXFrameworksBuildPhase;
			buildActionMask = 2147483647;
			files = (
			);
			runOnlyForDeploymentPostprocessing = 0;
		};
/* End PBXFrameworksBuildPhase section */

/* Begin PBXGroup section */
		D6255A871B2EE77F004AC403 /* vmTests */ = {
			isa = PBXGroup;
			children = (
				D6255A8F1B2EE815004AC403 /* StringsTests.swift */,
			);
			path = vmTests;
			sourceTree = "<group>";
		};
		D6255AA01B2F8C64004AC403 /* utils */ = {
			isa = PBXGroup;
			children = (
				D64BF3441B38C00600931D2F /* CoreData.swift */,
				D64BF3451B38C00600931D2F /* Keychain.swift */,
				D64BF3461B38C00600931D2F /* String.swift */,
				D64BF33A1B3891B800931D2F /* shell */,
			);
			name = utils;
			sourceTree = "<group>";
		};
		D6255AA31B2F8CD7004AC403 /* vmWare */ = {
			isa = PBXGroup;
			children = (
				D64BF3711B38C05100931D2F /* vmConfig.swift */,
				D64BF3721B38C05100931D2F /* vmWare.swift */,
			);
			name = vmWare;
			sourceTree = "<group>";
		};
		D6255AA41B2F8CE3004AC403 /* feedback */ = {
			isa = PBXGroup;
			children = (
				D64BF33E1B38BFDF00931D2F /* feedback.swift */,
				D64BF33F1B38BFDF00931D2F /* feedbackItem.swift */,
			);
			name = feedback;
			sourceTree = "<group>";
		};
		D6255AA51B2FF3AF004AC403 /* msBuild */ = {
			isa = PBXGroup;
			children = (
				D64BF3681B38C04600931D2F /* msBuild.swift */,
				D64BF3691B38C04600931D2F /* msBuildOption.swift */,
				D64BF36A1B38C04600931D2F /* msBuildOptions.swift */,
			);
			name = msBuild;
			sourceTree = "<group>";
		};
		D64BF3391B38917300931D2F /* Models */ = {
			isa = PBXGroup;
			children = (
				D64BF3651B38C03200931D2F /* Setting.swift */,
				D64BF3771B38C58900931D2F /* VMS.xcdatamodeld */,
			);
			name = Models;
			sourceTree = "<group>";
		};
		D64BF33A1B3891B800931D2F /* shell */ = {
			isa = PBXGroup;
			children = (
				D64BF34D1B38C02000931D2F /* arguments.swift */,
				D64BF34E1B38C02000931D2F /* ASCIIColor.swift */,
				D64BF34F1B38C02000931D2F /* checkIfUserShouldBePromptedHelp.swift */,
				D64BF3501B38C02000931D2F /* eachProcessArgument.swift */,
				D64BF3511B38C02000931D2F /* getUserInput.swift */,
				D64BF3521B38C02000931D2F /* halt.swift */,
				D64BF3531B38C02000931D2F /* shell.swift */,
				D64BF3541B38C02000931D2F /* shellUtils.swift */,
			);
			name = shell;
			sourceTree = "<group>";
		};
		D6595DAB1B2CD17800A82B81 = {
			isa = PBXGroup;
			children = (
				D6595DC61B2DB2AD00A82B81 /* README.md */,
				D6595DB61B2CD17800A82B81 /* vm */,
				D6255A871B2EE77F004AC403 /* vmTests */,
				D6595DB51B2CD17800A82B81 /* Products */,
			);
			sourceTree = "<group>";
		};
		D6595DB51B2CD17800A82B81 /* Products */ = {
			isa = PBXGroup;
			children = (
				D6595DB41B2CD17800A82B81 /* vm */,
				D6255A861B2EE77F004AC403 /* vmTests.xctest */,
			);
			name = Products;
			sourceTree = "<group>";
		};
		D6595DB61B2CD17800A82B81 /* vm */ = {
			isa = PBXGroup;
			children = (
				D6595DB71B2CD17800A82B81 /* main.swift */,
				D6255A981B2F697A004AC403 /* app.swift */,
				D6255AA51B2FF3AF004AC403 /* msBuild */,
				D6255AA31B2F8CD7004AC403 /* vmWare */,
				D6255AA41B2F8CE3004AC403 /* feedback */,
				D6255AA01B2F8C64004AC403 /* utils */,
				D64BF3391B38917300931D2F /* Models */,
			);
			path = vm;
			sourceTree = "<group>";
		};
/* End PBXGroup section */

/* Begin PBXNativeTarget section */
		D6255A851B2EE77F004AC403 /* vmTests */ = {
			isa = PBXNativeTarget;
			buildConfigurationList = D6255A8E1B2EE77F004AC403 /* Build configuration list for PBXNativeTarget "vmTests" */;
			buildPhases = (
				D6255A821B2EE77F004AC403 /* Sources */,
				D6255A831B2EE77F004AC403 /* Frameworks */,
				D6255A841B2EE77F004AC403 /* Resources */,
			);
			buildRules = (
			);
			dependencies = (
			);
			name = vmTests;
			productName = vmTests;
			productReference = D6255A861B2EE77F004AC403 /* vmTests.xctest */;
			productType = "com.apple.product-type.bundle.unit-test";
		};
		D6595DB31B2CD17800A82B81 /* vm */ = {
			isa = PBXNativeTarget;
			buildConfigurationList = D6595DBB1B2CD17800A82B81 /* Build configuration list for PBXNativeTarget "vm" */;
			buildPhases = (
				D6595DB01B2CD17800A82B81 /* Sources */,
				D6595DB11B2CD17800A82B81 /* Frameworks */,
				D6595DB21B2CD17800A82B81 /* CopyFiles */,
			);
			buildRules = (
			);
			dependencies = (
			);
			name = vm;
			productName = vm;
			productReference = D6595DB41B2CD17800A82B81 /* vm */;
			productType = "com.apple.product-type.tool";
		};
/* End PBXNativeTarget section */

/* Begin PBXProject section */
		D6595DAC1B2CD17800A82B81 /* Project object */ = {
			isa = PBXProject;
			attributes = {
				LastUpgradeCheck = 0630;
				ORGANIZATIONNAME = dennisp.se;
				TargetAttributes = {
					D6255A851B2EE77F004AC403 = {
						CreatedOnToolsVersion = 6.3.2;
					};
					D6595DB31B2CD17800A82B81 = {
						CreatedOnToolsVersion = 6.3.2;
					};
				};
			};
			buildConfigurationList = D6595DAF1B2CD17800A82B81 /* Build configuration list for PBXProject "vm" */;
			compatibilityVersion = "Xcode 3.2";
			developmentRegion = English;
			hasScannedForEncodings = 0;
			knownRegions = (
				en,
			);
			mainGroup = D6595DAB1B2CD17800A82B81;
			productRefGroup = D6595DB51B2CD17800A82B81 /* Products */;
			projectDirPath = "";
			projectRoot = "";
			targets = (
				D6595DB31B2CD17800A82B81 /* vm */,
				D6255A851B2EE77F004AC403 /* vmTests */,
			);
		};
/* End PBXProject section */

/* Begin PBXResourcesBuildPhase section */
		D6255A841B2EE77F004AC403 /* Resources */ = {
			isa = PBXResourcesBuildPhase;
			buildActionMask = 2147483647;
			files = (
			);
			runOnlyForDeploymentPostprocessing = 0;
		};
/* End PBXResourcesBuildPhase section */

/* Begin PBXSourcesBuildPhase section */
		D6255A821B2EE77F004AC403 /* Sources */ = {
			isa = PBXSourcesBuildPhase;
			buildActionMask = 2147483647;
			files = (
				D64BF3561B38C02000931D2F /* arguments.swift in Sources */,
				D64BF3641B38C02000931D2F /* shellUtils.swift in Sources */,
				D64BF3481B38C00600931D2F /* CoreData.swift in Sources */,
				D64BF35A1B38C02000931D2F /* checkIfUserShouldBePromptedHelp.swift in Sources */,
				D64BF36C1B38C04600931D2F /* msBuild.swift in Sources */,
				D64BF3671B38C03200931D2F /* Setting.swift in Sources */,
				D64BF3431B38BFDF00931D2F /* feedbackItem.swift in Sources */,
				D64BF3761B38C05100931D2F /* vmWare.swift in Sources */,
				D64BF36E1B38C04600931D2F /* msBuildOption.swift in Sources */,
				D64BF3581B38C02000931D2F /* ASCIIColor.swift in Sources */,
				D64BF35C1B38C02000931D2F /* eachProcessArgument.swift in Sources */,
				D64BF3741B38C05100931D2F /* vmConfig.swift in Sources */,
				D64BF35E1B38C02000931D2F /* getUserInput.swift in Sources */,
				D6255A9E1B2F6AAB004AC403 /* app.swift in Sources */,
				D64BF37D1B38C58900931D2F /* VMS.xcdatamodeld in Sources */,
				D64BF3601B38C02000931D2F /* halt.swift in Sources */,
				D64BF34C1B38C00600931D2F /* String.swift in Sources */,
				D6255A911B2F635D004AC403 /* main.swift in Sources */,
				D64BF34A1B38C00600931D2F /* Keychain.swift in Sources */,
				D64BF3701B38C04600931D2F /* msBuildOptions.swift in Sources */,
				D64BF3621B38C02000931D2F /* shell.swift in Sources */,
				D64BF3411B38BFDF00931D2F /* feedback.swift in Sources */,
				D6255A901B2EE815004AC403 /* StringsTests.swift in Sources */,
			);
			runOnlyForDeploymentPostprocessing = 0;
		};
		D6595DB01B2CD17800A82B81 /* Sources */ = {
			isa = PBXSourcesBuildPhase;
			buildActionMask = 2147483647;
			files = (
				D64BF3491B38C00600931D2F /* Keychain.swift in Sources */,
				D64BF3751B38C05100931D2F /* vmWare.swift in Sources */,
				D64BF35F1B38C02000931D2F /* halt.swift in Sources */,
				D64BF3571B38C02000931D2F /* ASCIIColor.swift in Sources */,
				D64BF3551B38C02000931D2F /* arguments.swift in Sources */,
				D64BF3661B38C03200931D2F /* Setting.swift in Sources */,
				D6255A991B2F697A004AC403 /* app.swift in Sources */,
				D64BF3421B38BFDF00931D2F /* feedbackItem.swift in Sources */,
				D64BF3401B38BFDF00931D2F /* feedback.swift in Sources */,
				D64BF36B1B38C04600931D2F /* msBuild.swift in Sources */,
				D64BF35D1B38C02000931D2F /* getUserInput.swift in Sources */,
				D64BF36D1B38C04600931D2F /* msBuildOption.swift in Sources */,
				D64BF36F1B38C04600931D2F /* msBuildOptions.swift in Sources */,
				D64BF3631B38C02000931D2F /* shellUtils.swift in Sources */,
				D64BF3591B38C02000931D2F /* checkIfUserShouldBePromptedHelp.swift in Sources */,
				D64BF34B1B38C00600931D2F /* String.swift in Sources */,
				D64BF35B1B38C02000931D2F /* eachProcessArgument.swift in Sources */,
				D64BF3731B38C05100931D2F /* vmConfig.swift in Sources */,
				D64BF37C1B38C58900931D2F /* VMS.xcdatamodeld in Sources */,
				D6595DB81B2CD17800A82B81 /* main.swift in Sources */,
				D64BF3611B38C02000931D2F /* shell.swift in Sources */,
				D64BF3471B38C00600931D2F /* CoreData.swift in Sources */,
			);
			runOnlyForDeploymentPostprocessing = 0;
		};
/* End PBXSourcesBuildPhase section */

/* Begin XCBuildConfiguration section */
		D6255A8C1B2EE77F004AC403 /* Debug */ = {
			isa = XCBuildConfiguration;
			buildSettings = {
				COMBINE_HIDPI_IMAGES = YES;
				FRAMEWORK_SEARCH_PATHS = (
					"$(DEVELOPER_FRAMEWORKS_DIR)",
					"$(inherited)",
				);
				GCC_PREPROCESSOR_DEFINITIONS = "$(inherited)";
				INFOPLIST_FILE = "";
				LD_RUNPATH_SEARCH_PATHS = "$(inherited) @executable_path/../Frameworks @loader_path/../Frameworks";
				PRODUCT_NAME = "$(TARGET_NAME)";
			};
			name = Debug;
		};
		D6255A8D1B2EE77F004AC403 /* Release */ = {
			isa = XCBuildConfiguration;
			buildSettings = {
				COMBINE_HIDPI_IMAGES = YES;
				FRAMEWORK_SEARCH_PATHS = (
					"$(DEVELOPER_FRAMEWORKS_DIR)",
					"$(inherited)",
				);
				INFOPLIST_FILE = "";
				LD_RUNPATH_SEARCH_PATHS = "$(inherited) @executable_path/../Frameworks @loader_path/../Frameworks";
				PRODUCT_NAME = "$(TARGET_NAME)";
			};
			name = Release;
		};
		D6595DB91B2CD17800A82B81 /* Debug */ = {
			isa = XCBuildConfiguration;
			buildSettings = {
				ALWAYS_SEARCH_USER_PATHS = NO;
				CLANG_CXX_LANGUAGE_STANDARD = "gnu++0x";
				CLANG_CXX_LIBRARY = "libc++";
				CLANG_ENABLE_MODULES = YES;
				CLANG_ENABLE_OBJC_ARC = YES;
				CLANG_WARN_BOOL_CONVERSION = YES;
				CLANG_WARN_CONSTANT_CONVERSION = YES;
				CLANG_WARN_DIRECT_OBJC_ISA_USAGE = YES_ERROR;
				CLANG_WARN_EMPTY_BODY = YES;
				CLANG_WARN_ENUM_CONVERSION = YES;
				CLANG_WARN_INT_CONVERSION = YES;
				CLANG_WARN_OBJC_ROOT_CLASS = YES_ERROR;
				CLANG_WARN_UNREACHABLE_CODE = YES;
				CLANG_WARN__DUPLICATE_METHOD_MATCH = YES;
				COPY_PHASE_STRIP = NO;
				DEBUG_INFORMATION_FORMAT = dwarf;
				ENABLE_STRICT_OBJC_MSGSEND = YES;
				GCC_C_LANGUAGE_STANDARD = gnu99;
				GCC_DYNAMIC_NO_PIC = NO;
				GCC_NO_COMMON_BLOCKS = YES;
				GCC_OPTIMIZATION_LEVEL = 0;
				GCC_PREPROCESSOR_DEFINITIONS = (
					"DEBUG=1",
					"$(inherited)",
				);
				GCC_SYMBOLS_PRIVATE_EXTERN = NO;
				GCC_WARN_64_TO_32_BIT_CONVERSION = YES;
				GCC_WARN_ABOUT_RETURN_TYPE = YES_ERROR;
				GCC_WARN_UNDECLARED_SELECTOR = YES;
				GCC_WARN_UNINITIALIZED_AUTOS = YES_AGGRESSIVE;
				GCC_WARN_UNUSED_FUNCTION = YES;
				GCC_WARN_UNUSED_VARIABLE = YES;
				MACOSX_DEPLOYMENT_TARGET = 10.10;
				MTL_ENABLE_DEBUG_INFO = YES;
				ONLY_ACTIVE_ARCH = YES;
				SDKROOT = macosx;
				SWIFT_OPTIMIZATION_LEVEL = "-Onone";
			};
			name = Debug;
		};
		D6595DBA1B2CD17800A82B81 /* Release */ = {
			isa = XCBuildConfiguration;
			buildSettings = {
				ALWAYS_SEARCH_USER_PATHS = NO;
				CLANG_CXX_LANGUAGE_STANDARD = "gnu++0x";
				CLANG_CXX_LIBRARY = "libc++";
				CLANG_ENABLE_MODULES = YES;
				CLANG_ENABLE_OBJC_ARC = YES;
				CLANG_WARN_BOOL_CONVERSION = YES;
				CLANG_WARN_CONSTANT_CONVERSION = YES;
				CLANG_WARN_DIRECT_OBJC_ISA_USAGE = YES_ERROR;
				CLANG_WARN_EMPTY_BODY = YES;
				CLANG_WARN_ENUM_CONVERSION = YES;
				CLANG_WARN_INT_CONVERSION = YES;
				CLANG_WARN_OBJC_ROOT_CLASS = YES_ERROR;
				CLANG_WARN_UNREACHABLE_CODE = YES;
				CLANG_WARN__DUPLICATE_METHOD_MATCH = YES;
				COPY_PHASE_STRIP = NO;
				DEBUG_INFORMATION_FORMAT = "dwarf-with-dsym";
				ENABLE_NS_ASSERTIONS = NO;
				ENABLE_STRICT_OBJC_MSGSEND = YES;
				GCC_C_LANGUAGE_STANDARD = gnu99;
				GCC_NO_COMMON_BLOCKS = YES;
				GCC_WARN_64_TO_32_BIT_CONVERSION = YES;
				GCC_WARN_ABOUT_RETURN_TYPE = YES_ERROR;
				GCC_WARN_UNDECLARED_SELECTOR = YES;
				GCC_WARN_UNINITIALIZED_AUTOS = YES_AGGRESSIVE;
				GCC_WARN_UNUSED_FUNCTION = YES;
				GCC_WARN_UNUSED_VARIABLE = YES;
				MACOSX_DEPLOYMENT_TARGET = 10.10;
				MTL_ENABLE_DEBUG_INFO = NO;
				SDKROOT = macosx;
			};
			name = Release;
		};
		D6595DBC1B2CD17800A82B81 /* Debug */ = {
			isa = XCBuildConfiguration;
			buildSettings = {
				OTHER_SWIFT_FLAGS = "-D Debug";
				PRODUCT_NAME = "$(TARGET_NAME)";
			};
			name = Debug;
		};
		D6595DBD1B2CD17800A82B81 /* Release */ = {
			isa = XCBuildConfiguration;
			buildSettings = {
				OTHER_SWIFT_FLAGS = "-D Release";
				PRODUCT_NAME = "$(TARGET_NAME)";
			};
			name = Release;
		};
/* End XCBuildConfiguration section */

/* Begin XCConfigurationList section */
		D6255A8E1B2EE77F004AC403 /* Build configuration list for PBXNativeTarget "vmTests" */ = {
			isa = XCConfigurationList;
			buildConfigurations = (
				D6255A8C1B2EE77F004AC403 /* Debug */,
				D6255A8D1B2EE77F004AC403 /* Release */,
			);
			defaultConfigurationIsVisible = 0;
			defaultConfigurationName = Release;
		};
		D6595DAF1B2CD17800A82B81 /* Build configuration list for PBXProject "vm" */ = {
			isa = XCConfigurationList;
			buildConfigurations = (
				D6595DB91B2CD17800A82B81 /* Debug */,
				D6595DBA1B2CD17800A82B81 /* Release */,
			);
			defaultConfigurationIsVisible = 0;
			defaultConfigurationName = Release;
		};
		D6595DBB1B2CD17800A82B81 /* Build configuration list for PBXNativeTarget "vm" */ = {
			isa = XCConfigurationList;
			buildConfigurations = (
				D6595DBC1B2CD17800A82B81 /* Debug */,
				D6595DBD1B2CD17800A82B81 /* Release */,
			);
			defaultConfigurationIsVisible = 0;
			defaultConfigurationName = Release;
		};
/* End XCConfigurationList section */

/* Begin XCVersionGroup section */
		D64BF3771B38C58900931D2F /* VMS.xcdatamodeld */ = {
			isa = XCVersionGroup;
			children = (
				D64BF3781B38C58900931D2F /* VMS 0.1.xcdatamodel */,
				D64BF3791B38C58900931D2F /* VMS 0.2.xcdatamodel */,
				D64BF37A1B38C58900931D2F /* VMS 0.3.xcdatamodel */,
				D64BF37B1B38C58900931D2F /* VMS.xcdatamodel */,
			);
			currentVersion = D64BF37A1B38C58900931D2F /* VMS 0.3.xcdatamodel */;
			name = VMS.xcdatamodeld;
			path = Models/VMS.xcdatamodeld;
			sourceTree = "<group>";
			versionGroupType = wrapper.xcdatamodel;
		};
/* End XCVersionGroup section */
	};
	rootObject = D6595DAC1B2CD17800A82B81 /* Project object */;
}
