// !$*UTF8*$!
{
	archiveVersion = 1;
	classes = {
	};
	objectVersion = 46;
	objects = {

/* Begin PBXBuildFile section */
		D60963D91B2FFC0000060B09 /* Info.plist in Resources */ = {isa = PBXBuildFile; fileRef = D60963D81B2FFC0000060B09 /* Info.plist */; };
		D60963DB1B2FFC7600060B09 /* arguments.swift in Sources */ = {isa = PBXBuildFile; fileRef = D60963DA1B2FFC7600060B09 /* arguments.swift */; };
		D60963DC1B2FFC7600060B09 /* arguments.swift in Sources */ = {isa = PBXBuildFile; fileRef = D60963DA1B2FFC7600060B09 /* arguments.swift */; };
		D6255A901B2EE815004AC403 /* StringsTests.swift in Sources */ = {isa = PBXBuildFile; fileRef = D6255A8F1B2EE815004AC403 /* StringsTests.swift */; };
		D6255A911B2F635D004AC403 /* main.swift in Sources */ = {isa = PBXBuildFile; fileRef = D6595DB71B2CD17800A82B81 /* main.swift */; };
		D6255A921B2F635D004AC403 /* shell.swift in Sources */ = {isa = PBXBuildFile; fileRef = D6595DBE1B2CD1AA00A82B81 /* shell.swift */; };
		D6255A931B2F6388004AC403 /* vmware.swift in Sources */ = {isa = PBXBuildFile; fileRef = D6595DC01B2CD1C400A82B81 /* vmware.swift */; };
		D6255A941B2F6388004AC403 /* vmconfig.swift in Sources */ = {isa = PBXBuildFile; fileRef = D6595DC21B2CD37D00A82B81 /* vmconfig.swift */; };
		D6255A951B2F6388004AC403 /* String.swift in Sources */ = {isa = PBXBuildFile; fileRef = D6595DC41B2DB08B00A82B81 /* String.swift */; };
		D6255A961B2F6388004AC403 /* feedback.swift in Sources */ = {isa = PBXBuildFile; fileRef = D6595DC81B2DB45600A82B81 /* feedback.swift */; };
		D6255A971B2F6388004AC403 /* feedbackItem.swift in Sources */ = {isa = PBXBuildFile; fileRef = D6595DCA1B2DB4C300A82B81 /* feedbackItem.swift */; };
		D6255A991B2F697A004AC403 /* app.swift in Sources */ = {isa = PBXBuildFile; fileRef = D6255A981B2F697A004AC403 /* app.swift */; };
		D6255A9E1B2F6AAB004AC403 /* app.swift in Sources */ = {isa = PBXBuildFile; fileRef = D6255A981B2F697A004AC403 /* app.swift */; };
		D6255AA21B2F8C9C004AC403 /* getUserInput.swift in Sources */ = {isa = PBXBuildFile; fileRef = D6255AA11B2F8C9C004AC403 /* getUserInput.swift */; };
		D6255AA71B2FF3C7004AC403 /* options.swift in Sources */ = {isa = PBXBuildFile; fileRef = D6255AA61B2FF3C7004AC403 /* options.swift */; };
		D6255AA81B2FF3C7004AC403 /* options.swift in Sources */ = {isa = PBXBuildFile; fileRef = D6255AA61B2FF3C7004AC403 /* options.swift */; };
		D6595DB81B2CD17800A82B81 /* main.swift in Sources */ = {isa = PBXBuildFile; fileRef = D6595DB71B2CD17800A82B81 /* main.swift */; };
		D6595DBF1B2CD1AA00A82B81 /* shell.swift in Sources */ = {isa = PBXBuildFile; fileRef = D6595DBE1B2CD1AA00A82B81 /* shell.swift */; };
		D6595DC11B2CD1C400A82B81 /* vmware.swift in Sources */ = {isa = PBXBuildFile; fileRef = D6595DC01B2CD1C400A82B81 /* vmware.swift */; };
		D6595DC31B2CD37D00A82B81 /* vmconfig.swift in Sources */ = {isa = PBXBuildFile; fileRef = D6595DC21B2CD37D00A82B81 /* vmconfig.swift */; };
		D6595DC51B2DB08B00A82B81 /* String.swift in Sources */ = {isa = PBXBuildFile; fileRef = D6595DC41B2DB08B00A82B81 /* String.swift */; };
		D6595DC91B2DB45600A82B81 /* feedback.swift in Sources */ = {isa = PBXBuildFile; fileRef = D6595DC81B2DB45600A82B81 /* feedback.swift */; };
		D6595DCB1B2DB4C300A82B81 /* feedbackItem.swift in Sources */ = {isa = PBXBuildFile; fileRef = D6595DCA1B2DB4C300A82B81 /* feedbackItem.swift */; };
/* End PBXBuildFile section */

/* Begin PBXCopyFilesBuildPhase section */
		D6595DB21B2CD17800A82B81 /* CopyFiles */ = {
			isa = PBXCopyFilesBuildPhase;
			buildActionMask = 2147483647;
			dstPath = /usr/share/man/man1/;
			dstSubfolderSpec = 0;
			files = (
			);
			runOnlyForDeploymentPostprocessing = 1;
		};
/* End PBXCopyFilesBuildPhase section */

/* Begin PBXFileReference section */
		D60963D81B2FFC0000060B09 /* Info.plist */ = {isa = PBXFileReference; fileEncoding = 4; lastKnownFileType = text.plist.xml; path = Info.plist; sourceTree = "<group>"; };
		D60963DA1B2FFC7600060B09 /* arguments.swift */ = {isa = PBXFileReference; fileEncoding = 4; lastKnownFileType = sourcecode.swift; path = arguments.swift; sourceTree = "<group>"; };
		D6255A861B2EE77F004AC403 /* vmTests.xctest */ = {isa = PBXFileReference; explicitFileType = wrapper.cfbundle; includeInIndex = 0; path = vmTests.xctest; sourceTree = BUILT_PRODUCTS_DIR; };
		D6255A8F1B2EE815004AC403 /* StringsTests.swift */ = {isa = PBXFileReference; fileEncoding = 4; lastKnownFileType = sourcecode.swift; path = StringsTests.swift; sourceTree = "<group>"; };
		D6255A981B2F697A004AC403 /* app.swift */ = {isa = PBXFileReference; fileEncoding = 4; lastKnownFileType = sourcecode.swift; path = app.swift; sourceTree = "<group>"; };
		D6255AA11B2F8C9C004AC403 /* getUserInput.swift */ = {isa = PBXFileReference; fileEncoding = 4; lastKnownFileType = sourcecode.swift; path = getUserInput.swift; sourceTree = "<group>"; };
		D6255AA61B2FF3C7004AC403 /* options.swift */ = {isa = PBXFileReference; fileEncoding = 4; lastKnownFileType = sourcecode.swift; path = options.swift; sourceTree = "<group>"; };
		D6595DB41B2CD17800A82B81 /* vm */ = {isa = PBXFileReference; explicitFileType = "compiled.mach-o.executable"; includeInIndex = 0; path = vm; sourceTree = BUILT_PRODUCTS_DIR; };
		D6595DB71B2CD17800A82B81 /* main.swift */ = {isa = PBXFileReference; lastKnownFileType = sourcecode.swift; path = main.swift; sourceTree = "<group>"; };
		D6595DBE1B2CD1AA00A82B81 /* shell.swift */ = {isa = PBXFileReference; fileEncoding = 4; lastKnownFileType = sourcecode.swift; path = shell.swift; sourceTree = "<group>"; };
		D6595DC01B2CD1C400A82B81 /* vmware.swift */ = {isa = PBXFileReference; fileEncoding = 4; lastKnownFileType = sourcecode.swift; path = vmware.swift; sourceTree = "<group>"; };
		D6595DC21B2CD37D00A82B81 /* vmconfig.swift */ = {isa = PBXFileReference; fileEncoding = 4; lastKnownFileType = sourcecode.swift; path = vmconfig.swift; sourceTree = "<group>"; };
		D6595DC41B2DB08B00A82B81 /* String.swift */ = {isa = PBXFileReference; fileEncoding = 4; lastKnownFileType = sourcecode.swift; path = String.swift; sourceTree = "<group>"; };
		D6595DC61B2DB2AD00A82B81 /* README.md */ = {isa = PBXFileReference; fileEncoding = 4; lastKnownFileType = net.daringfireball.markdown; path = README.md; sourceTree = "<group>"; };
		D6595DC81B2DB45600A82B81 /* feedback.swift */ = {isa = PBXFileReference; fileEncoding = 4; lastKnownFileType = sourcecode.swift; path = feedback.swift; sourceTree = "<group>"; };
		D6595DCA1B2DB4C300A82B81 /* feedbackItem.swift */ = {isa = PBXFileReference; fileEncoding = 4; lastKnownFileType = sourcecode.swift; path = feedbackItem.swift; sourceTree = "<group>"; };
/* End PBXFileReference section */

/* Begin PBXFrameworksBuildPhase section */
		D6255A831B2EE77F004AC403 /* Frameworks */ = {
			isa = PBXFrameworksBuildPhase;
			buildActionMask = 2147483647;
			files = (
			);
			runOnlyForDeploymentPostprocessing = 0;
		};
		D6595DB11B2CD17800A82B81 /* Frameworks */ = {
			isa = PBXFrameworksBuildPhase;
			buildActionMask = 2147483647;
			files = (
			);
			runOnlyForDeploymentPostprocessing = 0;
		};
/* End PBXFrameworksBuildPhase section */

/* Begin PBXGroup section */
		D6255A871B2EE77F004AC403 /* vmTests */ = {
			isa = PBXGroup;
			children = (
				D60963D81B2FFC0000060B09 /* Info.plist */,
				D6255A8F1B2EE815004AC403 /* StringsTests.swift */,
			);
			path = vmTests;
			sourceTree = "<group>";
		};
		D6255AA01B2F8C64004AC403 /* utils */ = {
			isa = PBXGroup;
			children = (
				D6595DBE1B2CD1AA00A82B81 /* shell.swift */,
				D6255AA11B2F8C9C004AC403 /* getUserInput.swift */,
				D6595DC41B2DB08B00A82B81 /* String.swift */,
				D60963DA1B2FFC7600060B09 /* arguments.swift */,
			);
			name = utils;
			sourceTree = "<group>";
		};
		D6255AA31B2F8CD7004AC403 /* vmware */ = {
			isa = PBXGroup;
			children = (
				D6595DC01B2CD1C400A82B81 /* vmware.swift */,
				D6595DC21B2CD37D00A82B81 /* vmconfig.swift */,
			);
			name = vmware;
			sourceTree = "<group>";
		};
		D6255AA41B2F8CE3004AC403 /* feedback */ = {
			isa = PBXGroup;
			children = (
				D6595DC81B2DB45600A82B81 /* feedback.swift */,
				D6595DCA1B2DB4C300A82B81 /* feedbackItem.swift */,
			);
			name = feedback;
			sourceTree = "<group>";
		};
		D6255AA51B2FF3AF004AC403 /* msbuild */ = {
			isa = PBXGroup;
			children = (
				D6255AA61B2FF3C7004AC403 /* options.swift */,
			);
			name = msbuild;
			sourceTree = "<group>";
		};
		D6595DAB1B2CD17800A82B81 = {
			isa = PBXGroup;
			children = (
				D6595DC61B2DB2AD00A82B81 /* README.md */,
				D6595DB61B2CD17800A82B81 /* vm */,
				D6255A871B2EE77F004AC403 /* vmTests */,
				D6595DB51B2CD17800A82B81 /* Products */,
			);
			sourceTree = "<group>";
		};
		D6595DB51B2CD17800A82B81 /* Products */ = {
			isa = PBXGroup;
			children = (
				D6595DB41B2CD17800A82B81 /* vm */,
				D6255A861B2EE77F004AC403 /* vmTests.xctest */,
			);
			name = Products;
			sourceTree = "<group>";
		};
		D6595DB61B2CD17800A82B81 /* vm */ = {
			isa = PBXGroup;
			children = (
				D6255AA51B2FF3AF004AC403 /* msbuild */,
				D6595DB71B2CD17800A82B81 /* main.swift */,
				D6255A981B2F697A004AC403 /* app.swift */,
				D6255AA31B2F8CD7004AC403 /* vmware */,
				D6255AA41B2F8CE3004AC403 /* feedback */,
				D6255AA01B2F8C64004AC403 /* utils */,
			);
			path = vm;
			sourceTree = "<group>";
		};
/* End PBXGroup section */

/* Begin PBXNativeTarget section */
		D6255A851B2EE77F004AC403 /* vmTests */ = {
			isa = PBXNativeTarget;
			buildConfigurationList = D6255A8E1B2EE77F004AC403 /* Build configuration list for PBXNativeTarget "vmTests" */;
			buildPhases = (
				D6255A821B2EE77F004AC403 /* Sources */,
				D6255A831B2EE77F004AC403 /* Frameworks */,
				D6255A841B2EE77F004AC403 /* Resources */,
			);
			buildRules = (
			);
			dependencies = (
			);
			name = vmTests;
			productName = vmTests;
			productReference = D6255A861B2EE77F004AC403 /* vmTests.xctest */;
			productType = "com.apple.product-type.bundle.unit-test";
		};
		D6595DB31B2CD17800A82B81 /* vm */ = {
			isa = PBXNativeTarget;
			buildConfigurationList = D6595DBB1B2CD17800A82B81 /* Build configuration list for PBXNativeTarget "vm" */;
			buildPhases = (
				D6595DB01B2CD17800A82B81 /* Sources */,
				D6595DB11B2CD17800A82B81 /* Frameworks */,
				D6595DB21B2CD17800A82B81 /* CopyFiles */,
			);
			buildRules = (
			);
			dependencies = (
			);
			name = vm;
			productName = vm;
			productReference = D6595DB41B2CD17800A82B81 /* vm */;
			productType = "com.apple.product-type.tool";
		};
/* End PBXNativeTarget section */

/* Begin PBXProject section */
		D6595DAC1B2CD17800A82B81 /* Project object */ = {
			isa = PBXProject;
			attributes = {
				LastUpgradeCheck = 0630;
				ORGANIZATIONNAME = dennisp.se;
				TargetAttributes = {
					D6255A851B2EE77F004AC403 = {
						CreatedOnToolsVersion = 6.3.2;
					};
					D6595DB31B2CD17800A82B81 = {
						CreatedOnToolsVersion = 6.3.2;
					};
				};
			};
			buildConfigurationList = D6595DAF1B2CD17800A82B81 /* Build configuration list for PBXProject "vm" */;
			compatibilityVersion = "Xcode 3.2";
			developmentRegion = English;
			hasScannedForEncodings = 0;
			knownRegions = (
				en,
			);
			mainGroup = D6595DAB1B2CD17800A82B81;
			productRefGroup = D6595DB51B2CD17800A82B81 /* Products */;
			projectDirPath = "";
			projectRoot = "";
			targets = (
				D6595DB31B2CD17800A82B81 /* vm */,
				D6255A851B2EE77F004AC403 /* vmTests */,
			);
		};
/* End PBXProject section */

/* Begin PBXResourcesBuildPhase section */
		D6255A841B2EE77F004AC403 /* Resources */ = {
			isa = PBXResourcesBuildPhase;
			buildActionMask = 2147483647;
			files = (
				D60963D91B2FFC0000060B09 /* Info.plist in Resources */,
			);
			runOnlyForDeploymentPostprocessing = 0;
		};
/* End PBXResourcesBuildPhase section */

/* Begin PBXSourcesBuildPhase section */
		D6255A821B2EE77F004AC403 /* Sources */ = {
			isa = PBXSourcesBuildPhase;
			buildActionMask = 2147483647;
			files = (
				D6255A9E1B2F6AAB004AC403 /* app.swift in Sources */,
				D6255A931B2F6388004AC403 /* vmware.swift in Sources */,
				D60963DC1B2FFC7600060B09 /* arguments.swift in Sources */,
				D6255A941B2F6388004AC403 /* vmconfig.swift in Sources */,
				D6255A951B2F6388004AC403 /* String.swift in Sources */,
				D6255A961B2F6388004AC403 /* feedback.swift in Sources */,
				D6255A971B2F6388004AC403 /* feedbackItem.swift in Sources */,
				D6255A911B2F635D004AC403 /* main.swift in Sources */,
				D6255AA81B2FF3C7004AC403 /* options.swift in Sources */,
				D6255A921B2F635D004AC403 /* shell.swift in Sources */,
				D6255A901B2EE815004AC403 /* StringsTests.swift in Sources */,
			);
			runOnlyForDeploymentPostprocessing = 0;
		};
		D6595DB01B2CD17800A82B81 /* Sources */ = {
			isa = PBXSourcesBuildPhase;
			buildActionMask = 2147483647;
			files = (
				D6595DCB1B2DB4C300A82B81 /* feedbackItem.swift in Sources */,
				D6595DBF1B2CD1AA00A82B81 /* shell.swift in Sources */,
				D60963DB1B2FFC7600060B09 /* arguments.swift in Sources */,
				D6595DC11B2CD1C400A82B81 /* vmware.swift in Sources */,
				D6255A991B2F697A004AC403 /* app.swift in Sources */,
				D6595DC51B2DB08B00A82B81 /* String.swift in Sources */,
				D6595DC31B2CD37D00A82B81 /* vmconfig.swift in Sources */,
				D6595DB81B2CD17800A82B81 /* main.swift in Sources */,
				D6255AA71B2FF3C7004AC403 /* options.swift in Sources */,
				D6255AA21B2F8C9C004AC403 /* getUserInput.swift in Sources */,
				D6595DC91B2DB45600A82B81 /* feedback.swift in Sources */,
			);
			runOnlyForDeploymentPostprocessing = 0;
		};
/* End PBXSourcesBuildPhase section */

/* Begin XCBuildConfiguration section */
		D6255A8C1B2EE77F004AC403 /* Debug */ = {
			isa = XCBuildConfiguration;
			buildSettings = {
				COMBINE_HIDPI_IMAGES = YES;
				FRAMEWORK_SEARCH_PATHS = (
					"$(DEVELOPER_FRAMEWORKS_DIR)",
					"$(inherited)",
				);
				GCC_PREPROCESSOR_DEFINITIONS = (
					"DEBUG=1",
					"$(inherited)",
				);
				INFOPLIST_FILE = vmTests/Info.plist;
				LD_RUNPATH_SEARCH_PATHS = "$(inherited) @executable_path/../Frameworks @loader_path/../Frameworks";
				PRODUCT_NAME = "$(TARGET_NAME)";
			};
			name = Debug;
		};
		D6255A8D1B2EE77F004AC403 /* Release */ = {
			isa = XCBuildConfiguration;
			buildSettings = {
				COMBINE_HIDPI_IMAGES = YES;
				FRAMEWORK_SEARCH_PATHS = (
					"$(DEVELOPER_FRAMEWORKS_DIR)",
					"$(inherited)",
				);
				INFOPLIST_FILE = vmTests/Info.plist;
				LD_RUNPATH_SEARCH_PATHS = "$(inherited) @executable_path/../Frameworks @loader_path/../Frameworks";
				PRODUCT_NAME = "$(TARGET_NAME)";
			};
			name = Release;
		};
		D6595DB91B2CD17800A82B81 /* Debug */ = {
			isa = XCBuildConfiguration;
			buildSettings = {
				ALWAYS_SEARCH_USER_PATHS = NO;
				CLANG_CXX_LANGUAGE_STANDARD = "gnu++0x";
				CLANG_CXX_LIBRARY = "libc++";
				CLANG_ENABLE_MODULES = YES;
				CLANG_ENABLE_OBJC_ARC = YES;
				CLANG_WARN_BOOL_CONVERSION = YES;
				CLANG_WARN_CONSTANT_CONVERSION = YES;
				CLANG_WARN_DIRECT_OBJC_ISA_USAGE = YES_ERROR;
				CLANG_WARN_EMPTY_BODY = YES;
				CLANG_WARN_ENUM_CONVERSION = YES;
				CLANG_WARN_INT_CONVERSION = YES;
				CLANG_WARN_OBJC_ROOT_CLASS = YES_ERROR;
				CLANG_WARN_UNREACHABLE_CODE = YES;
				CLANG_WARN__DUPLICATE_METHOD_MATCH = YES;
				COPY_PHASE_STRIP = NO;
				DEBUG_INFORMATION_FORMAT = dwarf;
				ENABLE_STRICT_OBJC_MSGSEND = YES;
				GCC_C_LANGUAGE_STANDARD = gnu99;
				GCC_DYNAMIC_NO_PIC = NO;
				GCC_NO_COMMON_BLOCKS = YES;
				GCC_OPTIMIZATION_LEVEL = 0;
				GCC_PREPROCESSOR_DEFINITIONS = (
					"DEBUG=1",
					"$(inherited)",
				);
				GCC_SYMBOLS_PRIVATE_EXTERN = NO;
				GCC_WARN_64_TO_32_BIT_CONVERSION = YES;
				GCC_WARN_ABOUT_RETURN_TYPE = YES_ERROR;
				GCC_WARN_UNDECLARED_SELECTOR = YES;
				GCC_WARN_UNINITIALIZED_AUTOS = YES_AGGRESSIVE;
				GCC_WARN_UNUSED_FUNCTION = YES;
				GCC_WARN_UNUSED_VARIABLE = YES;
				MACOSX_DEPLOYMENT_TARGET = 10.10;
				MTL_ENABLE_DEBUG_INFO = YES;
				ONLY_ACTIVE_ARCH = YES;
				SDKROOT = macosx;
				SWIFT_OPTIMIZATION_LEVEL = "-Onone";
			};
			name = Debug;
		};
		D6595DBA1B2CD17800A82B81 /* Release */ = {
			isa = XCBuildConfiguration;
			buildSettings = {
				ALWAYS_SEARCH_USER_PATHS = NO;
				CLANG_CXX_LANGUAGE_STANDARD = "gnu++0x";
				CLANG_CXX_LIBRARY = "libc++";
				CLANG_ENABLE_MODULES = YES;
				CLANG_ENABLE_OBJC_ARC = YES;
				CLANG_WARN_BOOL_CONVERSION = YES;
				CLANG_WARN_CONSTANT_CONVERSION = YES;
				CLANG_WARN_DIRECT_OBJC_ISA_USAGE = YES_ERROR;
				CLANG_WARN_EMPTY_BODY = YES;
				CLANG_WARN_ENUM_CONVERSION = YES;
				CLANG_WARN_INT_CONVERSION = YES;
				CLANG_WARN_OBJC_ROOT_CLASS = YES_ERROR;
				CLANG_WARN_UNREACHABLE_CODE = YES;
				CLANG_WARN__DUPLICATE_METHOD_MATCH = YES;
				COPY_PHASE_STRIP = NO;
				DEBUG_INFORMATION_FORMAT = "dwarf-with-dsym";
				ENABLE_NS_ASSERTIONS = NO;
				ENABLE_STRICT_OBJC_MSGSEND = YES;
				GCC_C_LANGUAGE_STANDARD = gnu99;
				GCC_NO_COMMON_BLOCKS = YES;
				GCC_WARN_64_TO_32_BIT_CONVERSION = YES;
				GCC_WARN_ABOUT_RETURN_TYPE = YES_ERROR;
				GCC_WARN_UNDECLARED_SELECTOR = YES;
				GCC_WARN_UNINITIALIZED_AUTOS = YES_AGGRESSIVE;
				GCC_WARN_UNUSED_FUNCTION = YES;
				GCC_WARN_UNUSED_VARIABLE = YES;
				MACOSX_DEPLOYMENT_TARGET = 10.10;
				MTL_ENABLE_DEBUG_INFO = NO;
				SDKROOT = macosx;
			};
			name = Release;
		};
		D6595DBC1B2CD17800A82B81 /* Debug */ = {
			isa = XCBuildConfiguration;
			buildSettings = {
				PRODUCT_NAME = "$(TARGET_NAME)";
			};
			name = Debug;
		};
		D6595DBD1B2CD17800A82B81 /* Release */ = {
			isa = XCBuildConfiguration;
			buildSettings = {
				PRODUCT_NAME = "$(TARGET_NAME)";
			};
			name = Release;
		};
/* End XCBuildConfiguration section */

/* Begin XCConfigurationList section */
		D6255A8E1B2EE77F004AC403 /* Build configuration list for PBXNativeTarget "vmTests" */ = {
			isa = XCConfigurationList;
			buildConfigurations = (
				D6255A8C1B2EE77F004AC403 /* Debug */,
				D6255A8D1B2EE77F004AC403 /* Release */,
			);
			defaultConfigurationIsVisible = 0;
			defaultConfigurationName = Release;
		};
		D6595DAF1B2CD17800A82B81 /* Build configuration list for PBXProject "vm" */ = {
			isa = XCConfigurationList;
			buildConfigurations = (
				D6595DB91B2CD17800A82B81 /* Debug */,
				D6595DBA1B2CD17800A82B81 /* Release */,
			);
			defaultConfigurationIsVisible = 0;
			defaultConfigurationName = Release;
		};
		D6595DBB1B2CD17800A82B81 /* Build configuration list for PBXNativeTarget "vm" */ = {
			isa = XCConfigurationList;
			buildConfigurations = (
				D6595DBC1B2CD17800A82B81 /* Debug */,
				D6595DBD1B2CD17800A82B81 /* Release */,
			);
			defaultConfigurationIsVisible = 0;
			defaultConfigurationName = Release;
		};
/* End XCConfigurationList section */
	};
	rootObject = D6595DAC1B2CD17800A82B81 /* Project object */;
}
